// !$*UTF8*$!
{
	archiveVersion = 1;
	classes = {
	};
	objectVersion = 56;
	objects = {

/* Begin PBXBuildFile section */
		6753AF4A2C11B19700954E20 /* BodyPoseImageApp.swift in Sources */ = {isa = PBXBuildFile; fileRef = 6753AF492C11B19700954E20 /* BodyPoseImageApp.swift */; };
		6753AF4C2C11B19700954E20 /* ContentView.swift in Sources */ = {isa = PBXBuildFile; fileRef = 6753AF4B2C11B19700954E20 /* ContentView.swift */; };
		6753AF4E2C11B19800954E20 /* Assets.xcassets in Resources */ = {isa = PBXBuildFile; fileRef = 6753AF4D2C11B19800954E20 /* Assets.xcassets */; };
		6753AF512C11B19800954E20 /* Preview Assets.xcassets in Resources */ = {isa = PBXBuildFile; fileRef = 6753AF502C11B19800954E20 /* Preview Assets.xcassets */; };
		6753AF582C11B1B500954E20 /* VisionDetector.swift in Sources */ = {isa = PBXBuildFile; fileRef = 6753AF572C11B1B500954E20 /* VisionDetector.swift */; };
		6753AF5B2C11B21100954E20 /* UIImage+Ext.swift in Sources */ = {isa = PBXBuildFile; fileRef = 6753AF5A2C11B21100954E20 /* UIImage+Ext.swift */; };
		6753AF5D2C11B25600954E20 /* UIBezierPath+Ext.swift in Sources */ = {isa = PBXBuildFile; fileRef = 6753AF5C2C11B25600954E20 /* UIBezierPath+Ext.swift */; };
		6753AF5F2C11B27F00954E20 /* CGImagePropertyOrientation+Ext.swift in Sources */ = {isa = PBXBuildFile; fileRef = 6753AF5E2C11B27F00954E20 /* CGImagePropertyOrientation+Ext.swift */; };
		6753AF612C11B29A00954E20 /* CGPoint+Ext.swift in Sources */ = {isa = PBXBuildFile; fileRef = 6753AF602C11B29A00954E20 /* CGPoint+Ext.swift */; };
		6753AF632C11B2B300954E20 /* VNRecognizedPoint+Ext.swift in Sources */ = {isa = PBXBuildFile; fileRef = 6753AF622C11B2B300954E20 /* VNRecognizedPoint+Ext.swift */; };
		6753AF662C11B2F600954E20 /* ResultPointsProviding.swift in Sources */ = {isa = PBXBuildFile; fileRef = 6753AF652C11B2F600954E20 /* ResultPointsProviding.swift */; };
		6753AF682C11B32B00954E20 /* VNDetectHumanHandPoseRequest+Ext.swift in Sources */ = {isa = PBXBuildFile; fileRef = 6753AF672C11B32B00954E20 /* VNDetectHumanHandPoseRequest+Ext.swift */; };
		6753AF6A2C11B35A00954E20 /* VNDetectHumanBodyPoseRequest+Ext.swift in Sources */ = {isa = PBXBuildFile; fileRef = 6753AF692C11B35A00954E20 /* VNDetectHumanBodyPoseRequest+Ext.swift */; };
		6753AF6C2C11B38100954E20 /* VNDetectFaceLandmarksRequest+Ext.swift in Sources */ = {isa = PBXBuildFile; fileRef = 6753AF6B2C11B38100954E20 /* VNDetectFaceLandmarksRequest+Ext.swift */; };
		6753AF6F2C11B8A500954E20 /* ImagePickerCoordinator.swift in Sources */ = {isa = PBXBuildFile; fileRef = 6753AF6E2C11B8A500954E20 /* ImagePickerCoordinator.swift */; };
/* End PBXBuildFile section */

/* Begin PBXFileReference section */
		6753AF462C11B19700954E20 /* BodyPoseImage.app */ = {isa = PBXFileReference; explicitFileType = wrapper.application; includeInIndex = 0; path = BodyPoseImage.app; sourceTree = BUILT_PRODUCTS_DIR; };
		6753AF492C11B19700954E20 /* BodyPoseImageApp.swift */ = {isa = PBXFileReference; lastKnownFileType = sourcecode.swift; path = BodyPoseImageApp.swift; sourceTree = "<group>"; };
		6753AF4B2C11B19700954E20 /* ContentView.swift */ = {isa = PBXFileReference; lastKnownFileType = sourcecode.swift; path = ContentView.swift; sourceTree = "<group>"; };
		6753AF4D2C11B19800954E20 /* Assets.xcassets */ = {isa = PBXFileReference; lastKnownFileType = folder.assetcatalog; path = Assets.xcassets; sourceTree = "<group>"; };
		6753AF502C11B19800954E20 /* Preview Assets.xcassets */ = {isa = PBXFileReference; lastKnownFileType = folder.assetcatalog; path = "Preview Assets.xcassets"; sourceTree = "<group>"; };
		6753AF572C11B1B500954E20 /* VisionDetector.swift */ = {isa = PBXFileReference; lastKnownFileType = sourcecode.swift; path = VisionDetector.swift; sourceTree = "<group>"; };
		6753AF5A2C11B21100954E20 /* UIImage+Ext.swift */ = {isa = PBXFileReference; lastKnownFileType = sourcecode.swift; path = "UIImage+Ext.swift"; sourceTree = "<group>"; };
		6753AF5C2C11B25600954E20 /* UIBezierPath+Ext.swift */ = {isa = PBXFileReference; lastKnownFileType = sourcecode.swift; path = "UIBezierPath+Ext.swift"; sourceTree = "<group>"; };
		6753AF5E2C11B27F00954E20 /* CGImagePropertyOrientation+Ext.swift */ = {isa = PBXFileReference; lastKnownFileType = sourcecode.swift; path = "CGImagePropertyOrientation+Ext.swift"; sourceTree = "<group>"; };
		6753AF602C11B29A00954E20 /* CGPoint+Ext.swift */ = {isa = PBXFileReference; lastKnownFileType = sourcecode.swift; path = "CGPoint+Ext.swift"; sourceTree = "<group>"; };
		6753AF622C11B2B300954E20 /* VNRecognizedPoint+Ext.swift */ = {isa = PBXFileReference; lastKnownFileType = sourcecode.swift; path = "VNRecognizedPoint+Ext.swift"; sourceTree = "<group>"; };
		6753AF652C11B2F600954E20 /* ResultPointsProviding.swift */ = {isa = PBXFileReference; lastKnownFileType = sourcecode.swift; path = ResultPointsProviding.swift; sourceTree = "<group>"; };
		6753AF672C11B32B00954E20 /* VNDetectHumanHandPoseRequest+Ext.swift */ = {isa = PBXFileReference; lastKnownFileType = sourcecode.swift; path = "VNDetectHumanHandPoseRequest+Ext.swift"; sourceTree = "<group>"; };
		6753AF692C11B35A00954E20 /* VNDetectHumanBodyPoseRequest+Ext.swift */ = {isa = PBXFileReference; lastKnownFileType = sourcecode.swift; path = "VNDetectHumanBodyPoseRequest+Ext.swift"; sourceTree = "<group>"; };
		6753AF6B2C11B38100954E20 /* VNDetectFaceLandmarksRequest+Ext.swift */ = {isa = PBXFileReference; lastKnownFileType = sourcecode.swift; path = "VNDetectFaceLandmarksRequest+Ext.swift"; sourceTree = "<group>"; };
		6753AF6E2C11B8A500954E20 /* ImagePickerCoordinator.swift */ = {isa = PBXFileReference; lastKnownFileType = sourcecode.swift; path = ImagePickerCoordinator.swift; sourceTree = "<group>"; };
/* End PBXFileReference section */

/* Begin PBXFrameworksBuildPhase section */
		6753AF432C11B19700954E20 /* Frameworks */ = {
			isa = PBXFrameworksBuildPhase;
			buildActionMask = 2147483647;
			files = (
			);
			runOnlyForDeploymentPostprocessing = 0;
		};
/* End PBXFrameworksBuildPhase section */

/* Begin PBXGroup section */
		6753AF3D2C11B19700954E20 = {
			isa = PBXGroup;
			children = (
				6753AF482C11B19700954E20 /* BodyPoseImage */,
				6753AF472C11B19700954E20 /* Products */,
			);
			sourceTree = "<group>";
		};
		6753AF472C11B19700954E20 /* Products */ = {
			isa = PBXGroup;
			children = (
				6753AF462C11B19700954E20 /* BodyPoseImage.app */,
			);
			name = Products;
			sourceTree = "<group>";
		};
		6753AF482C11B19700954E20 /* BodyPoseImage */ = {
			isa = PBXGroup;
			children = (
				6753AF6D2C11B89700954E20 /* ImagePicker */,
				6753AF642C11B2E700954E20 /* Protocols */,
				6753AF592C11B20100954E20 /* Extensions */,
				6753AF492C11B19700954E20 /* BodyPoseImageApp.swift */,
				6753AF572C11B1B500954E20 /* VisionDetector.swift */,
				6753AF4B2C11B19700954E20 /* ContentView.swift */,
				6753AF4D2C11B19800954E20 /* Assets.xcassets */,
				6753AF4F2C11B19800954E20 /* Preview Content */,
			);
			path = BodyPoseImage;
			sourceTree = "<group>";
		};
		6753AF4F2C11B19800954E20 /* Preview Content */ = {
			isa = PBXGroup;
			children = (
				6753AF502C11B19800954E20 /* Preview Assets.xcassets */,
			);
			path = "Preview Content";
			sourceTree = "<group>";
		};
		6753AF592C11B20100954E20 /* Extensions */ = {
			isa = PBXGroup;
			children = (
				6753AF5A2C11B21100954E20 /* UIImage+Ext.swift */,
				6753AF5C2C11B25600954E20 /* UIBezierPath+Ext.swift */,
				6753AF5E2C11B27F00954E20 /* CGImagePropertyOrientation+Ext.swift */,
				6753AF602C11B29A00954E20 /* CGPoint+Ext.swift */,
				6753AF622C11B2B300954E20 /* VNRecognizedPoint+Ext.swift */,
				6753AF672C11B32B00954E20 /* VNDetectHumanHandPoseRequest+Ext.swift */,
				6753AF692C11B35A00954E20 /* VNDetectHumanBodyPoseRequest+Ext.swift */,
				6753AF6B2C11B38100954E20 /* VNDetectFaceLandmarksRequest+Ext.swift */,
			);
			path = Extensions;
			sourceTree = "<group>";
		};
		6753AF642C11B2E700954E20 /* Protocols */ = {
			isa = PBXGroup;
			children = (
				6753AF652C11B2F600954E20 /* ResultPointsProviding.swift */,
			);
			path = Protocols;
			sourceTree = "<group>";
		};
		6753AF6D2C11B89700954E20 /* ImagePicker */ = {
			isa = PBXGroup;
			children = (
				6753AF6E2C11B8A500954E20 /* ImagePickerCoordinator.swift */,
			);
			path = ImagePicker;
			sourceTree = "<group>";
		};
/* End PBXGroup section */

/* Begin PBXNativeTarget section */
		6753AF452C11B19700954E20 /* BodyPoseImage */ = {
			isa = PBXNativeTarget;
			buildConfigurationList = 6753AF542C11B19800954E20 /* Build configuration list for PBXNativeTarget "BodyPoseImage" */;
			buildPhases = (
				6753AF422C11B19700954E20 /* Sources */,
				6753AF432C11B19700954E20 /* Frameworks */,
				6753AF442C11B19700954E20 /* Resources */,
			);
			buildRules = (
			);
			dependencies = (
			);
			name = BodyPoseImage;
			productName = BodyPoseImage;
			productReference = 6753AF462C11B19700954E20 /* BodyPoseImage.app */;
			productType = "com.apple.product-type.application";
		};
/* End PBXNativeTarget section */

/* Begin PBXProject section */
		6753AF3E2C11B19700954E20 /* Project object */ = {
			isa = PBXProject;
			attributes = {
				BuildIndependentTargetsInParallel = 1;
				LastSwiftUpdateCheck = 1530;
				LastUpgradeCheck = 1530;
				TargetAttributes = {
					6753AF452C11B19700954E20 = {
						CreatedOnToolsVersion = 15.3;
					};
				};
			};
			buildConfigurationList = 6753AF412C11B19700954E20 /* Build configuration list for PBXProject "BodyPoseImage" */;
			compatibilityVersion = "Xcode 14.0";
			developmentRegion = en;
			hasScannedForEncodings = 0;
			knownRegions = (
				en,
				Base,
			);
			mainGroup = 6753AF3D2C11B19700954E20;
			productRefGroup = 6753AF472C11B19700954E20 /* Products */;
			projectDirPath = "";
			projectRoot = "";
			targets = (
				6753AF452C11B19700954E20 /* BodyPoseImage */,
			);
		};
/* End PBXProject section */

/* Begin PBXResourcesBuildPhase section */
		6753AF442C11B19700954E20 /* Resources */ = {
			isa = PBXResourcesBuildPhase;
			buildActionMask = 2147483647;
			files = (
				6753AF512C11B19800954E20 /* Preview Assets.xcassets in Resources */,
				6753AF4E2C11B19800954E20 /* Assets.xcassets in Resources */,
			);
			runOnlyForDeploymentPostprocessing = 0;
		};
/* End PBXResourcesBuildPhase section */

/* Begin PBXSourcesBuildPhase section */
		6753AF422C11B19700954E20 /* Sources */ = {
			isa = PBXSourcesBuildPhase;
			buildActionMask = 2147483647;
			files = (
				6753AF4C2C11B19700954E20 /* ContentView.swift in Sources */,
				6753AF6A2C11B35A00954E20 /* VNDetectHumanBodyPoseRequest+Ext.swift in Sources */,
				6753AF5D2C11B25600954E20 /* UIBezierPath+Ext.swift in Sources */,
				6753AF6F2C11B8A500954E20 /* ImagePickerCoordinator.swift in Sources */,
				6753AF6C2C11B38100954E20 /* VNDetectFaceLandmarksRequest+Ext.swift in Sources */,
				6753AF682C11B32B00954E20 /* VNDetectHumanHandPoseRequest+Ext.swift in Sources */,
				6753AF632C11B2B300954E20 /* VNRecognizedPoint+Ext.swift in Sources */,
				6753AF5B2C11B21100954E20 /* UIImage+Ext.swift in Sources */,
				6753AF582C11B1B500954E20 /* VisionDetector.swift in Sources */,
				6753AF612C11B29A00954E20 /* CGPoint+Ext.swift in Sources */,
				6753AF4A2C11B19700954E20 /* BodyPoseImageApp.swift in Sources */,
				6753AF5F2C11B27F00954E20 /* CGImagePropertyOrientation+Ext.swift in Sources */,
				6753AF662C11B2F600954E20 /* ResultPointsProviding.swift in Sources */,
			);
			runOnlyForDeploymentPostprocessing = 0;
		};
/* End PBXSourcesBuildPhase section */

/* Begin XCBuildConfiguration section */
		6753AF522C11B19800954E20 /* Debug */ = {
			isa = XCBuildConfiguration;
			buildSettings = {
				ALWAYS_SEARCH_USER_PATHS = NO;
				ASSETCATALOG_COMPILER_GENERATE_SWIFT_ASSET_SYMBOL_EXTENSIONS = YES;
				CLANG_ANALYZER_NONNULL = YES;
				CLANG_ANALYZER_NUMBER_OBJECT_CONVERSION = YES_AGGRESSIVE;
				CLANG_CXX_LANGUAGE_STANDARD = "gnu++20";
				CLANG_ENABLE_MODULES = YES;
				CLANG_ENABLE_OBJC_ARC = YES;
				CLANG_ENABLE_OBJC_WEAK = YES;
				CLANG_WARN_BLOCK_CAPTURE_AUTORELEASING = YES;
				CLANG_WARN_BOOL_CONVERSION = YES;
				CLANG_WARN_COMMA = YES;
				CLANG_WARN_CONSTANT_CONVERSION = YES;
				CLANG_WARN_DEPRECATED_OBJC_IMPLEMENTATIONS = YES;
				CLANG_WARN_DIRECT_OBJC_ISA_USAGE = YES_ERROR;
				CLANG_WARN_DOCUMENTATION_COMMENTS = YES;
				CLANG_WARN_EMPTY_BODY = YES;
				CLANG_WARN_ENUM_CONVERSION = YES;
				CLANG_WARN_INFINITE_RECURSION = YES;
				CLANG_WARN_INT_CONVERSION = YES;
				CLANG_WARN_NON_LITERAL_NULL_CONVERSION = YES;
				CLANG_WARN_OBJC_IMPLICIT_RETAIN_SELF = YES;
				CLANG_WARN_OBJC_LITERAL_CONVERSION = YES;
				CLANG_WARN_OBJC_ROOT_CLASS = YES_ERROR;
				CLANG_WARN_QUOTED_INCLUDE_IN_FRAMEWORK_HEADER = YES;
				CLANG_WARN_RANGE_LOOP_ANALYSIS = YES;
				CLANG_WARN_STRICT_PROTOTYPES = YES;
				CLANG_WARN_SUSPICIOUS_MOVE = YES;
				CLANG_WARN_UNGUARDED_AVAILABILITY = YES_AGGRESSIVE;
				CLANG_WARN_UNREACHABLE_CODE = YES;
				CLANG_WARN__DUPLICATE_METHOD_MATCH = YES;
				COPY_PHASE_STRIP = NO;
				DEBUG_INFORMATION_FORMAT = dwarf;
				ENABLE_STRICT_OBJC_MSGSEND = YES;
				ENABLE_TESTABILITY = YES;
				ENABLE_USER_SCRIPT_SANDBOXING = YES;
				GCC_C_LANGUAGE_STANDARD = gnu17;
				GCC_DYNAMIC_NO_PIC = NO;
				GCC_NO_COMMON_BLOCKS = YES;
				GCC_OPTIMIZATION_LEVEL = 0;
				GCC_PREPROCESSOR_DEFINITIONS = (
					"DEBUG=1",
					"$(inherited)",
				);
				GCC_WARN_64_TO_32_BIT_CONVERSION = YES;
				GCC_WARN_ABOUT_RETURN_TYPE = YES_ERROR;
				GCC_WARN_UNDECLARED_SELECTOR = YES;
				GCC_WARN_UNINITIALIZED_AUTOS = YES_AGGRESSIVE;
				GCC_WARN_UNUSED_FUNCTION = YES;
				GCC_WARN_UNUSED_VARIABLE = YES;
				IPHONEOS_DEPLOYMENT_TARGET = 17.4;
				LOCALIZATION_PREFERS_STRING_CATALOGS = YES;
				MTL_ENABLE_DEBUG_INFO = INCLUDE_SOURCE;
				MTL_FAST_MATH = YES;
				ONLY_ACTIVE_ARCH = YES;
				SDKROOT = iphoneos;
				SWIFT_ACTIVE_COMPILATION_CONDITIONS = "DEBUG $(inherited)";
				SWIFT_OPTIMIZATION_LEVEL = "-Onone";
			};
			name = Debug;
		};
		6753AF532C11B19800954E20 /* Release */ = {
			isa = XCBuildConfiguration;
			buildSettings = {
				ALWAYS_SEARCH_USER_PATHS = NO;
				ASSETCATALOG_COMPILER_GENERATE_SWIFT_ASSET_SYMBOL_EXTENSIONS = YES;
				CLANG_ANALYZER_NONNULL = YES;
				CLANG_ANALYZER_NUMBER_OBJECT_CONVERSION = YES_AGGRESSIVE;
				CLANG_CXX_LANGUAGE_STANDARD = "gnu++20";
				CLANG_ENABLE_MODULES = YES;
				CLANG_ENABLE_OBJC_ARC = YES;
				CLANG_ENABLE_OBJC_WEAK = YES;
				CLANG_WARN_BLOCK_CAPTURE_AUTORELEASING = YES;
				CLANG_WARN_BOOL_CONVERSION = YES;
				CLANG_WARN_COMMA = YES;
				CLANG_WARN_CONSTANT_CONVERSION = YES;
				CLANG_WARN_DEPRECATED_OBJC_IMPLEMENTATIONS = YES;
				CLANG_WARN_DIRECT_OBJC_ISA_USAGE = YES_ERROR;
				CLANG_WARN_DOCUMENTATION_COMMENTS = YES;
				CLANG_WARN_EMPTY_BODY = YES;
				CLANG_WARN_ENUM_CONVERSION = YES;
				CLANG_WARN_INFINITE_RECURSION = YES;
				CLANG_WARN_INT_CONVERSION = YES;
				CLANG_WARN_NON_LITERAL_NULL_CONVERSION = YES;
				CLANG_WARN_OBJC_IMPLICIT_RETAIN_SELF = YES;
				CLANG_WARN_OBJC_LITERAL_CONVERSION = YES;
				CLANG_WARN_OBJC_ROOT_CLASS = YES_ERROR;
				CLANG_WARN_QUOTED_INCLUDE_IN_FRAMEWORK_HEADER = YES;
				CLANG_WARN_RANGE_LOOP_ANALYSIS = YES;
				CLANG_WARN_STRICT_PROTOTYPES = YES;
				CLANG_WARN_SUSPICIOUS_MOVE = YES;
				CLANG_WARN_UNGUARDED_AVAILABILITY = YES_AGGRESSIVE;
				CLANG_WARN_UNREACHABLE_CODE = YES;
				CLANG_WARN__DUPLICATE_METHOD_MATCH = YES;
				COPY_PHASE_STRIP = NO;
				DEBUG_INFORMATION_FORMAT = "dwarf-with-dsym";
				ENABLE_NS_ASSERTIONS = NO;
				ENABLE_STRICT_OBJC_MSGSEND = YES;
				ENABLE_USER_SCRIPT_SANDBOXING = YES;
				GCC_C_LANGUAGE_STANDARD = gnu17;
				GCC_NO_COMMON_BLOCKS = YES;
				GCC_WARN_64_TO_32_BIT_CONVERSION = YES;
				GCC_WARN_ABOUT_RETURN_TYPE = YES_ERROR;
				GCC_WARN_UNDECLARED_SELECTOR = YES;
				GCC_WARN_UNINITIALIZED_AUTOS = YES_AGGRESSIVE;
				GCC_WARN_UNUSED_FUNCTION = YES;
				GCC_WARN_UNUSED_VARIABLE = YES;
				IPHONEOS_DEPLOYMENT_TARGET = 17.4;
				LOCALIZATION_PREFERS_STRING_CATALOGS = YES;
				MTL_ENABLE_DEBUG_INFO = NO;
				MTL_FAST_MATH = YES;
				SDKROOT = iphoneos;
				SWIFT_COMPILATION_MODE = wholemodule;
				VALIDATE_PRODUCT = YES;
			};
			name = Release;
		};
		6753AF552C11B19800954E20 /* Debug */ = {
			isa = XCBuildConfiguration;
			buildSettings = {
				ASSETCATALOG_COMPILER_APPICON_NAME = AppIcon;
				ASSETCATALOG_COMPILER_GLOBAL_ACCENT_COLOR_NAME = AccentColor;
				CODE_SIGN_STYLE = Automatic;
				CURRENT_PROJECT_VERSION = 1;
				DEVELOPMENT_ASSET_PATHS = "\"BodyPoseImage/Preview Content\"";
				DEVELOPMENT_TEAM = YA2L55RA8L;
				ENABLE_PREVIEWS = YES;
				GENERATE_INFOPLIST_FILE = YES;
				INFOPLIST_KEY_NSCameraUsageDescription = "Using the camera to detect hand / body / face landmarks";
				INFOPLIST_KEY_UIApplicationSceneManifest_Generation = YES;
				INFOPLIST_KEY_UIApplicationSupportsIndirectInputEvents = YES;
				INFOPLIST_KEY_UILaunchScreen_Generation = YES;
				INFOPLIST_KEY_UISupportedInterfaceOrientations_iPad = "UIInterfaceOrientationPortrait UIInterfaceOrientationPortraitUpsideDown UIInterfaceOrientationLandscapeLeft UIInterfaceOrientationLandscapeRight";
				INFOPLIST_KEY_UISupportedInterfaceOrientations_iPhone = "UIInterfaceOrientationPortrait UIInterfaceOrientationLandscapeLeft UIInterfaceOrientationLandscapeRight";
				LD_RUNPATH_SEARCH_PATHS = (
					"$(inherited)",
					"@executable_path/Frameworks",
				);
				MARKETING_VERSION = 1.0;
				PRODUCT_BUNDLE_IDENTIFIER = kristantosean.com.BodyPoseImage;
				PRODUCT_NAME = "$(TARGET_NAME)";
				SWIFT_EMIT_LOC_STRINGS = YES;
				SWIFT_VERSION = 5.0;
				TARGETED_DEVICE_FAMILY = "1,2";
			};
			name = Debug;
		};
		6753AF562C11B19800954E20 /* Release */ = {
			isa = XCBuildConfiguration;
			buildSettings = {
				ASSETCATALOG_COMPILER_APPICON_NAME = AppIcon;
				ASSETCATALOG_COMPILER_GLOBAL_ACCENT_COLOR_NAME = AccentColor;
				CODE_SIGN_STYLE = Automatic;
				CURRENT_PROJECT_VERSION = 1;
				DEVELOPMENT_ASSET_PATHS = "\"BodyPoseImage/Preview Content\"";
				DEVELOPMENT_TEAM = YA2L55RA8L;
				ENABLE_PREVIEWS = YES;
				GENERATE_INFOPLIST_FILE = YES;
				INFOPLIST_KEY_NSCameraUsageDescription = "Using the camera to detect hand / body / face landmarks";
				INFOPLIST_KEY_UIApplicationSceneManifest_Generation = YES;
				INFOPLIST_KEY_UIApplicationSupportsIndirectInputEvents = YES;
				INFOPLIST_KEY_UILaunchScreen_Generation = YES;
				INFOPLIST_KEY_UISupportedInterfaceOrientations_iPad = "UIInterfaceOrientationPortrait UIInterfaceOrientationPortraitUpsideDown UIInterfaceOrientationLandscapeLeft UIInterfaceOrientationLandscapeRight";
				INFOPLIST_KEY_UISupportedInterfaceOrientations_iPhone = "UIInterfaceOrientationPortrait UIInterfaceOrientationLandscapeLeft UIInterfaceOrientationLandscapeRight";
				LD_RUNPATH_SEARCH_PATHS = (
					"$(inherited)",
					"@executable_path/Frameworks",
				);
				MARKETING_VERSION = 1.0;
				PRODUCT_BUNDLE_IDENTIFIER = kristantosean.com.BodyPoseImage;
				PRODUCT_NAME = "$(TARGET_NAME)";
				SWIFT_EMIT_LOC_STRINGS = YES;
				SWIFT_VERSION = 5.0;
				TARGETED_DEVICE_FAMILY = "1,2";
			};
			name = Release;
		};
/* End XCBuildConfiguration section */

/* Begin XCConfigurationList section */
		6753AF412C11B19700954E20 /* Build configuration list for PBXProject "BodyPoseImage" */ = {
			isa = XCConfigurationList;
			buildConfigurations = (
				6753AF522C11B19800954E20 /* Debug */,
				6753AF532C11B19800954E20 /* Release */,
			);
			defaultConfigurationIsVisible = 0;
			defaultConfigurationName = Release;
		};
		6753AF542C11B19800954E20 /* Build configuration list for PBXNativeTarget "BodyPoseImage" */ = {
			isa = XCConfigurationList;
			buildConfigurations = (
				6753AF552C11B19800954E20 /* Debug */,
				6753AF562C11B19800954E20 /* Release */,
			);
			defaultConfigurationIsVisible = 0;
			defaultConfigurationName = Release;
		};
/* End XCConfigurationList section */
	};
	rootObject = 6753AF3E2C11B19700954E20 /* Project object */;
}
